{
  "version": 4,
  "terraform_version": "1.5.0",
  "serial": 5,
  "lineage": "d4f510d6-00bd-1085-a406-bda74a48eb01",
  "outputs": {
    "access_key": {
      "value": "YCAJE3CyizD1-3CXrjPXGNcJ6",
      "type": "string"
    },
    "secret_key": {
      "value": "YCMldLdxPQakOvT4kb6PoVd4dING5ph9r5DHaUyv",
      "type": "string",
      "sensitive": true
    }
  },
  "resources": [
    {
      "mode": "managed",
      "type": "yandex_iam_service_account",
      "name": "sa",
      "provider": "provider[\"registry.terraform.io/yandex-cloud/yandex\"]",
      "instances": [
        {
          "schema_version": 0,
          "attributes": {
            "created_at": "2023-06-27T11:11:08Z",
            "description": "",
            "folder_id": "b1gclm74ejuuquq63ko9",
            "id": "ajeg6929fqnnjsd1lq7g",
            "name": "sa-skillfactory",
            "timeouts": null
          },
          "sensitive_attributes": [],
          "private": "eyJlMmJmYjczMC1lY2FhLTExZTYtOGY4OC0zNDM2M2JjN2M0YzAiOnsiY3JlYXRlIjo2MDAwMDAwMDAwMCwiZGVsZXRlIjo2MDAwMDAwMDAwMCwidXBkYXRlIjo2MDAwMDAwMDAwMH19"
        }
      ]
    },
    {
      "mode": "managed",
      "type": "yandex_iam_service_account_static_access_key",
      "name": "sa-static-key",
      "provider": "provider[\"registry.terraform.io/yandex-cloud/yandex\"]",
      "instances": [
        {
          "schema_version": 0,
          "attributes": {
            "access_key": "YCAJE3CyizD1-3CXrjPXGNcJ6",
            "created_at": "2023-06-27T11:11:10Z",
            "description": "static access key for object storage",
            "encrypted_secret_key": null,
            "id": "ajeved4ol8m91b9c0s1n",
            "key_fingerprint": null,
            "pgp_key": null,
            "secret_key": "YCMldLdxPQakOvT4kb6PoVd4dING5ph9r5DHaUyv",
            "service_account_id": "ajeg6929fqnnjsd1lq7g"
          },
          "sensitive_attributes": [],
          "private": "bnVsbA==",
          "dependencies": [
            "yandex_iam_service_account.sa"
          ]
        }
      ]
    },
    {
      "mode": "managed",
      "type": "yandex_resourcemanager_folder_iam_member",
      "name": "sa-editor",
      "provider": "provider[\"registry.terraform.io/yandex-cloud/yandex\"]",
      "instances": [
        {
          "schema_version": 0,
          "attributes": {
            "folder_id": "b1gclm74ejuuquq63ko9",
            "id": "b1gclm74ejuuquq63ko9/storage.editor/serviceAccount:ajeg6929fqnnjsd1lq7g",
            "member": "serviceAccount:ajeg6929fqnnjsd1lq7g",
            "role": "storage.editor",
            "sleep_after": null
          },
          "sensitive_attributes": [],
          "private": "bnVsbA==",
          "dependencies": [
            "yandex_iam_service_account.sa"
          ]
        }
      ]
    }
  ],
  "check_results": null
}
